
Microsoft Visual Studio Solution File, Format Version 12.00
# Visual Studio 2012
Project("{FAE04EC0-301F-11D3-BF4B-00C04F79EFBC}") = "XML文件", "XML文件\XML文件.csproj", "{FDC8829D-F9B2-4D82-8148-1D9A9D3B90D3}"
EndProject
Global
	GlobalSection(SolutionConfigurationPlatforms) = preSolution
		Debug|Any CPU = Debug|Any CPU
		Release|Any CPU = Release|Any CPU
	EndGlobalSection
	GlobalSection(ProjectConfigurationPlatforms) = postSolution
		{FDC8829D-F9B2-4D82-8148-1D9A9D3B90D3}.Debug|Any CPU.ActiveCfg = Debug|Any CPU
		{FDC8829D-F9B2-4D82-8148-1D9A9D3B90D3}.Debug|Any CPU.Build.0 = Debug|Any CPU
		{FDC8829D-F9B2-4D82-8148-1D9A9D3B90D3}.Release|Any CPU.ActiveCfg = Release|Any CPU
		{FDC8829D-F9B2-4D82-8148-1D9A9D3B90D3}.Release|Any CPU.Build.0 = Release|Any CPU
	EndGlobalSection
	GlobalSection(SolutionProperties) = preSolution
		HideSolutionNode = FALSE
	EndGlobalSection
EndGlobal
