
Microsoft Visual Studio Solution File, Format Version 12.00
# Visual Studio 2012
Project("{FAE04EC0-301F-11D3-BF4B-00C04F79EFBC}") = "11.16自主练习", "11.16自主练习\11.16自主练习.csproj", "{401403F5-6026-488E-B332-BD45D375E59F}"
EndProject
Global
	GlobalSection(SolutionConfigurationPlatforms) = preSolution
		Debug|Any CPU = Debug|Any CPU
		Release|Any CPU = Release|Any CPU
	EndGlobalSection
	GlobalSection(ProjectConfigurationPlatforms) = postSolution
		{401403F5-6026-488E-B332-BD45D375E59F}.Debug|Any CPU.ActiveCfg = Debug|Any CPU
		{401403F5-6026-488E-B332-BD45D375E59F}.Debug|Any CPU.Build.0 = Debug|Any CPU
		{401403F5-6026-488E-B332-BD45D375E59F}.Release|Any CPU.ActiveCfg = Release|Any CPU
		{401403F5-6026-488E-B332-BD45D375E59F}.Release|Any CPU.Build.0 = Release|Any CPU
	EndGlobalSection
	GlobalSection(SolutionProperties) = preSolution
		HideSolutionNode = FALSE
	EndGlobalSection
EndGlobal
