
Microsoft Visual Studio Solution File, Format Version 12.00
# Visual Studio 2012
Project("{FAE04EC0-301F-11D3-BF4B-00C04F79EFBC}") = "11.13号上级练习", "11.13号上级练习\11.13号上级练习.csproj", "{AE7DFE9E-5EF4-4261-9B2C-93EF5EE8C205}"
EndProject
Global
	GlobalSection(SolutionConfigurationPlatforms) = preSolution
		Debug|Any CPU = Debug|Any CPU
		Release|Any CPU = Release|Any CPU
	EndGlobalSection
	GlobalSection(ProjectConfigurationPlatforms) = postSolution
		{AE7DFE9E-5EF4-4261-9B2C-93EF5EE8C205}.Debug|Any CPU.ActiveCfg = Debug|Any CPU
		{AE7DFE9E-5EF4-4261-9B2C-93EF5EE8C205}.Debug|Any CPU.Build.0 = Debug|Any CPU
		{AE7DFE9E-5EF4-4261-9B2C-93EF5EE8C205}.Release|Any CPU.ActiveCfg = Release|Any CPU
		{AE7DFE9E-5EF4-4261-9B2C-93EF5EE8C205}.Release|Any CPU.Build.0 = Release|Any CPU
	EndGlobalSection
	GlobalSection(SolutionProperties) = preSolution
		HideSolutionNode = FALSE
	EndGlobalSection
EndGlobal
