
Microsoft Visual Studio Solution File, Format Version 12.00
# Visual Studio 2012
Project("{FAE04EC0-301F-11D3-BF4B-00C04F79EFBC}") = "会员积分", "会员积分\会员积分.csproj", "{DC570774-F506-4DAD-BE1D-F57894C5A97F}"
EndProject
Global
	GlobalSection(SolutionConfigurationPlatforms) = preSolution
		Debug|Any CPU = Debug|Any CPU
		Release|Any CPU = Release|Any CPU
	EndGlobalSection
	GlobalSection(ProjectConfigurationPlatforms) = postSolution
		{DC570774-F506-4DAD-BE1D-F57894C5A97F}.Debug|Any CPU.ActiveCfg = Debug|Any CPU
		{DC570774-F506-4DAD-BE1D-F57894C5A97F}.Debug|Any CPU.Build.0 = Debug|Any CPU
		{DC570774-F506-4DAD-BE1D-F57894C5A97F}.Release|Any CPU.ActiveCfg = Release|Any CPU
		{DC570774-F506-4DAD-BE1D-F57894C5A97F}.Release|Any CPU.Build.0 = Release|Any CPU
	EndGlobalSection
	GlobalSection(SolutionProperties) = preSolution
		HideSolutionNode = FALSE
	EndGlobalSection
EndGlobal
