
Microsoft Visual Studio Solution File, Format Version 12.00
# Visual Studio 2012
Project("{FAE04EC0-301F-11D3-BF4B-00C04F79EFBC}") = "11.18号体检套餐", "11.18号体检套餐\11.18号体检套餐.csproj", "{5C7333DE-CB12-4A74-AA0F-2FEEF3F50941}"
EndProject
Global
	GlobalSection(SolutionConfigurationPlatforms) = preSolution
		Debug|Any CPU = Debug|Any CPU
		Release|Any CPU = Release|Any CPU
	EndGlobalSection
	GlobalSection(ProjectConfigurationPlatforms) = postSolution
		{5C7333DE-CB12-4A74-AA0F-2FEEF3F50941}.Debug|Any CPU.ActiveCfg = Debug|Any CPU
		{5C7333DE-CB12-4A74-AA0F-2FEEF3F50941}.Debug|Any CPU.Build.0 = Debug|Any CPU
		{5C7333DE-CB12-4A74-AA0F-2FEEF3F50941}.Release|Any CPU.ActiveCfg = Release|Any CPU
		{5C7333DE-CB12-4A74-AA0F-2FEEF3F50941}.Release|Any CPU.Build.0 = Release|Any CPU
	EndGlobalSection
	GlobalSection(SolutionProperties) = preSolution
		HideSolutionNode = FALSE
	EndGlobalSection
EndGlobal
